{
    "_meta": {
        "hash": {
            "sha256": "826f75ac1606e48e2c7f85a9c0e5bbae84cf35caade9f1ec1c6f884f12629490"
        },
        "pipfile-spec": 6,
        "requires": {
            "python_version": "3.7"
        },
        "sources": [
            {
                "name": "pypi",
                "url": "https://pypi.org/simple",
                "verify_ssl": true
            }
        ]
    },
    "default": {
        "fuzzywuzzy": {
            "hashes": [
                "sha256:5ac7c0b3f4658d2743aa17da53a55598144edbc5bee3c6863840636e6926f254",
                "sha256:6f49de47db00e1c71d40ad16da42284ac357936fa9b66bea1df63fed07122d62"
            ],
            "index": "pypi",
            "version": "==0.17.0"
        },
        "pytoml": {
            "hashes": [
                "sha256:ca2d0cb127c938b8b76a9a0d0f855cf930c1d50cc3a0af6d3595b566519a1013"
            ],
            "index": "pypi",
            "version": "==0.1.20"
        },
        "selenium": {
            "hashes": [
                "sha256:2d7131d7bc5a5b99a2d9b04aaf2612c411b03b8ca1b1ee8d3de5845a9be2cb3c",
                "sha256:deaf32b60ad91a4611b98d8002757f29e6f2c2d5fcaf202e1c9ad06d6772300d"
            ],
            "index": "pypi",
            "version": "==3.141.0"
        },
        "urllib3": {
            "hashes": [
                "sha256:a53063d8b9210a7bdec15e7b272776b9d42b2fd6816401a0d43006ad2f9902db",
                "sha256:d363e3607d8de0c220d31950a8f38b18d5ba7c0830facd71a1c6b1036b7ce06c"
            ],
            "version": "==1.25.2"
        }
    },
    "develop": {}
}
